
Microsoft Visual Studio Solution File, Format Version 12.00
# Visual Studio 15
VisualStudioVersion = 15.0.28307.1209
MinimumVisualStudioVersion = 10.0.40219.1
Project("{FAE04EC0-301F-11D3-BF4B-00C04F79EFBC}") = "Financeiro", "Financeiro\Financeiro.csproj", "{7F1359CF-89F4-4D11-A093-741B153F0A2A}"
EndProject
Global
	GlobalSection(SolutionConfigurationPlatforms) = preSolution
		Debug|Any CPU = Debug|Any CPU
		Release|Any CPU = Release|Any CPU
	EndGlobalSection
	GlobalSection(ProjectConfigurationPlatforms) = postSolution
		{7F1359CF-89F4-4D11-A093-741B153F0A2A}.Debug|Any CPU.ActiveCfg = Debug|Any CPU
		{7F1359CF-89F4-4D11-A093-741B153F0A2A}.Debug|Any CPU.Build.0 = Debug|Any CPU
		{7F1359CF-89F4-4D11-A093-741B153F0A2A}.Release|Any CPU.ActiveCfg = Release|Any CPU
		{7F1359CF-89F4-4D11-A093-741B153F0A2A}.Release|Any CPU.Build.0 = Release|Any CPU
	EndGlobalSection
	GlobalSection(SolutionProperties) = preSolution
		HideSolutionNode = FALSE
	EndGlobalSection
	GlobalSection(ExtensibilityGlobals) = postSolution
		SolutionGuid = {9A80B40C-68D8-4B26-844B-2B32EE7BE05D}
	EndGlobalSection
EndGlobal
